
Microsoft Visual Studio Solution File, Format Version 12.00
# Visual Studio Version 17
VisualStudioVersion = 17.10.34814.14
MinimumVisualStudioVersion = 10.0.40219.1
Project("{FAE04EC0-301F-11D3-BF4B-00C04F79EFBC}") = "TalkingStage", "TalkingStage.csproj", "{9DDA68BD-7442-4D95-B8B1-382CF894680D}"
EndProject
Global
	GlobalSection(SolutionConfigurationPlatforms) = preSolution
		Debug|Any CPU = Debug|Any CPU
		Release|Any CPU = Release|Any CPU
	EndGlobalSection
	GlobalSection(ProjectConfigurationPlatforms) = postSolution
		{9DDA68BD-7442-4D95-B8B1-382CF894680D}.Debug|Any CPU.ActiveCfg = Debug|Any CPU
		{9DDA68BD-7442-4D95-B8B1-382CF894680D}.Debug|Any CPU.Build.0 = Debug|Any CPU
		{9DDA68BD-7442-4D95-B8B1-382CF894680D}.Debug|Any CPU.Deploy.0 = Debug|Any CPU
		{9DDA68BD-7442-4D95-B8B1-382CF894680D}.Release|Any CPU.ActiveCfg = Release|Any CPU
		{9DDA68BD-7442-4D95-B8B1-382CF894680D}.Release|Any CPU.Build.0 = Release|Any CPU
		{9DDA68BD-7442-4D95-B8B1-382CF894680D}.Release|Any CPU.Deploy.0 = Release|Any CPU
	EndGlobalSection
	GlobalSection(SolutionProperties) = preSolution
		HideSolutionNode = FALSE
	EndGlobalSection
	GlobalSection(ExtensibilityGlobals) = postSolution
		SolutionGuid = {D6E61234-233E-428E-97FD-8A8CCFCBF8F9}
	EndGlobalSection
EndGlobal
